version = 1
revision = 3
requires-python = ">=3.12"

[[package]]
name = "boto3"
version = "1.43.53"
source = { registry = "https://pypi.org/simple" }
dependencies = [
    { name = "botocore" },
    { name = "jmespath" },
    { name = "s3transfer" },
]
sdist = { url = "https://files.pythonhosted.org/packages/6c/da/0e90eab875f2eb4b8708fef2c198f2559ed1e451a1016f1cd4fcdcfbfbe3/boto3-1.43.53.tar.gz", hash = "sha256:c80425acab314d7af09609562053f565139e1fe49108eacfcc1601ebfaee235b", size = 112678, upload-time = "2026-07-21T19:28:53.002Z" }
wheels = [
    { url = "https://files.pythonhosted.org/packages/45/27/7e72d25fdde77668b7bd4fa47381192dd2aa64fb77265e4bab786fd9fe2a/boto3-1.43.53-py3-none-any.whl", hash = "sha256:5383e705d8a976a14f23bb8c113c07a396931a019db98fce4cdc68650ec6e4d8", size = 140025, upload-time = "2026-07-21T19:28:50.957Z" },
]

[[package]]
name = "botocore"
version = "1.43.53"
source = { registry = "https://pypi.org/simple" }
dependencies = [
    { name = "jmespath" },
    { name = "python-dateutil" },
    { name = "urllib3" },
]
sdist = { url = "https://files.pythonhosted.org/packages/db/6b/ebcefacc4de3cd4f1c449540d86877f76c2f5e586a620831012decbb2b2c/botocore-1.43.53.tar.gz", hash = "sha256:36d93dd8db68ee75f6b61ca9f775161b8168844e4601698701530e6efdded141", size = 15720336, upload-time = "2026-07-21T19:28:41.547Z" }
wheels = [
    { url = "https://files.pythonhosted.org/packages/dc/e5/1b60e394f0fff97ee70dd16913382b7dffda85b98e639c0c9e8ff56cfaa7/botocore-1.43.53-py3-none-any.whl", hash = "sha256:b7ee9a70d187e5348883c820990ccd9436ab14e2bd6622741fc96fe561e816b8", size = 15404628, upload-time = "2026-07-21T19:28:37.475Z" },
]

[[package]]
name = "colorama"
version = "0.4.6"
source = { registry = "https://pypi.org/simple" }
sdist = { url = "https://files.pythonhosted.org/packages/d8/53/6f443c9a4a8358a93a6792e2acffb9d9d5cb0a5cfd8802644b7b1c9a02e4/colorama-0.4.6.tar.gz", hash = "sha256:08695f5cb7ed6e0531a20572697297273c47b8cae5a63ffc6d6ed5c201be6e44", size = 27697, upload-time = "2022-10-25T02:36:22.414Z" }
wheels = [
    { url = "https://files.pythonhosted.org/packages/d1/d6/3965ed04c63042e047cb6a3e6ed1a63a35087b6a609aa3a15ed8ac56c221/colorama-0.4.6-py2.py3-none-any.whl", hash = "sha256:4f1d9991f5acc0ca119f9d443620b77f9d6b33703e51011c16baf57afb285fc6", size = 25335, upload-time = "2022-10-25T02:36:20.889Z" },
]

[[package]]
name = "iniconfig"
version = "2.3.0"
source = { registry = "https://pypi.org/simple" }
sdist = { url = "https://files.pythonhosted.org/packages/72/34/14ca021ce8e5dfedc35312d08ba8bf51fdd999c576889fc2c24cb97f4f10/iniconfig-2.3.0.tar.gz", hash = "sha256:c76315c77db068650d49c5b56314774a7804df16fee4402c1f19d6d15d8c4730", size = 20503, upload-time = "2025-10-18T21:55:43.219Z" }
wheels = [
    { url = "https://files.pythonhosted.org/packages/cb/b1/3846dd7f199d53cb17f49cba7e651e9ce294d8497c8c150530ed11865bb8/iniconfig-2.3.0-py3-none-any.whl", hash = "sha256:f631c04d2c48c52b84d0d0549c99ff3859c98df65b3101406327ecc7d53fbf12", size = 7484, upload-time = "2025-10-18T21:55:41.639Z" },
]

[[package]]
name = "jmespath"
version = "1.1.0"
source = { registry = "https://pypi.org/simple" }
sdist = { url = "https://files.pythonhosted.org/packages/d3/59/322338183ecda247fb5d1763a6cbe46eff7222eaeebafd9fa65d4bf5cb11/jmespath-1.1.0.tar.gz", hash = "sha256:472c87d80f36026ae83c6ddd0f1d05d4e510134ed462851fd5f754c8c3cbb88d", size = 27377, upload-time = "2026-01-22T16:35:26.279Z" }
wheels = [
    { url = "https://files.pythonhosted.org/packages/14/2f/967ba146e6d58cf6a652da73885f52fc68001525b4197effc174321d70b4/jmespath-1.1.0-py3-none-any.whl", hash = "sha256:a5663118de4908c91729bea0acadca56526eb2698e83de10cd116ae0f4e97c64", size = 20419, upload-time = "2026-01-22T16:35:24.919Z" },
]

[[package]]
name = "mypy-boto3-s3"
version = "1.43.50"
source = { registry = "https://pypi.org/simple" }
sdist = { url = "https://files.pythonhosted.org/packages/97/e6/83141bd1cb8e060ecfd98ba23cfc295eae0123194add7d02e16d6d7e211e/mypy_boto3_s3-1.43.50.tar.gz", hash = "sha256:206817d22e80795da35daf704225f2e2a2b561fa4bf8c609f2150b04800ae811", size = 78807, upload-time = "2026-07-16T19:56:32.496Z" }
wheels = [
    { url = "https://files.pythonhosted.org/packages/9e/f4/39480da24fe26490234d081bc36b967a6ed1b592507d459a94338558bc35/mypy_boto3_s3-1.43.50-py3-none-any.whl", hash = "sha256:778aa2a48314ea47aeccca48ae151fe208b48d568d02578494b7201621ff2d6a", size = 86184, upload-time = "2026-07-16T19:56:30.283Z" },
]

[[package]]
name = "packaging"
version = "26.2"
source = { registry = "https://pypi.org/simple" }
sdist = { url = "https://files.pythonhosted.org/packages/d7/f1/e7a6dd94a8d4a5626c03e4e99c87f241ba9e350cd9e6d75123f992427270/packaging-26.2.tar.gz", hash = "sha256:ff452ff5a3e828ce110190feff1178bb1f2ea2281fa2075aadb987c2fb221661", size = 228134, upload-time = "2026-04-24T20:15:23.917Z" }
wheels = [
    { url = "https://files.pythonhosted.org/packages/df/b2/87e62e8c3e2f4b32e5fe99e0b86d576da1312593b39f47d8ceef365e95ed/packaging-26.2-py3-none-any.whl", hash = "sha256:5fc45236b9446107ff2415ce77c807cee2862cb6fac22b8a73826d0693b0980e", size = 100195, upload-time = "2026-04-24T20:15:22.081Z" },
]

[[package]]
name = "pluggy"
version = "1.6.0"
source = { registry = "https://pypi.org/simple" }
sdist = { url = "https://files.pythonhosted.org/packages/f9/e2/3e91f31a7d2b083fe6ef3fa267035b518369d9511ffab804f839851d2779/pluggy-1.6.0.tar.gz", hash = "sha256:7dcc130b76258d33b90f61b658791dede3486c3e6bfb003ee5c9bfb396dd22f3", size = 69412, upload-time = "2025-05-15T12:30:07.975Z" }
wheels = [
    { url = "https://files.pythonhosted.org/packages/54/20/4d324d65cc6d9205fabedc306948156824eb9f0ee1633355a8f7ec5c66bf/pluggy-1.6.0-py3-none-any.whl", hash = "sha256:e920276dd6813095e9377c0bc5566d94c932c33b27a3e3945d8389c374dd4746", size = 20538, upload-time = "2025-05-15T12:30:06.134Z" },
]

[[package]]
name = "polars"
version = "1.43.0"
source = { registry = "https://pypi.org/simple" }
dependencies = [
    { name = "polars-runtime-32" },
]
sdist = { url = "https://files.pythonhosted.org/packages/66/5b/5d0f0aa53c6e9a8ecbc99ff502edcf9584e5d08ab34ea407c086999103d5/polars-1.43.0.tar.gz", hash = "sha256:bb2c67553e4968c18dfe268a88ff9a5790d5c2e0b7ea7efe97640b9a90438c88", size = 749537, upload-time = "2026-07-21T04:30:25.966Z" }
wheels = [
    { url = "https://files.pythonhosted.org/packages/76/28/a8eac2c1d1b2d2a4ba2eb745921616d863185d94b1afd91cbb07af9ef21a/polars-1.43.0-py3-none-any.whl", hash = "sha256:c49078b14e2d6b8ff5cc5b78b6d9638603ea5dffafb889d9204818822f55b813", size = 846493, upload-time = "2026-07-21T04:29:06.68Z" },
]

[[package]]
name = "polars-runtime-32"
version = "1.43.0"
source = { registry = "https://pypi.org/simple" }
sdist = { url = "https://files.pythonhosted.org/packages/86/96/7e714cad082e9e6aaebb8886fcb1b0220d5c35149d4c8d3466bd7e7d581e/polars_runtime_32-1.43.0.tar.gz", hash = "sha256:5fb47a3a883402e62eab2fde5922f78c531d037aeece3640c15225f39228621e", size = 3090044, upload-time = "2026-07-21T04:30:27.185Z" }
wheels = [
    { url = "https://files.pythonhosted.org/packages/0f/14/9b1f5eb1c5104ba1ceb380a7308ffcd979f3ce1df86e76293062698f2ff1/polars_runtime_32-1.43.0-cp310-abi3-macosx_10_12_x86_64.whl", hash = "sha256:6707193d30a7135bce0424304f76d8145270527444097548e794ad8d26823b70", size = 53059463, upload-time = "2026-07-21T04:29:09.194Z" },
    { url = "https://files.pythonhosted.org/packages/ca/14/73d77d1c0c928eb599d9516d874af0cd2b6225201e1327a6c4857e6776d0/polars_runtime_32-1.43.0-cp310-abi3-macosx_11_0_arm64.whl", hash = "sha256:78ca2f97740b2a6beb36eb112749280b5e08750c60f53c08d2feffebdba9d35a", size = 47499586, upload-time = "2026-07-21T04:29:13.229Z" },
    { url = "https://files.pythonhosted.org/packages/80/b1/98278fa796f93d0975fd3fe1d4ab4031707d4a9f1da44c21c29996b62c73/polars_runtime_32-1.43.0-cp310-abi3-manylinux_2_17_aarch64.manylinux2014_aarch64.whl", hash = "sha256:4ffa99bb2c7ee0a9392ae50b350af0ed17acf0519d15c75fe223021798566174", size = 51326702, upload-time = "2026-07-21T04:29:16.084Z" },
    { url = "https://files.pythonhosted.org/packages/ab/7d/24ae73389aac03296925973c4e2cbe2e4982e859b9fad69eb1a72b9026fa/polars_runtime_32-1.43.0-cp310-abi3-manylinux_2_17_x86_64.manylinux2014_x86_64.whl", hash = "sha256:3ecc8feaf04de5989a29245885921db612ef1ce9065e5cb6ec37495acfa55bba", size = 57266705, upload-time = "2026-07-21T04:29:19.288Z" },
    { url = "https://files.pythonhosted.org/packages/5c/49/2026be1f7b51242ad62e08b20728462558e161fb84b564e5b986f2b38664/polars_runtime_32-1.43.0-cp310-abi3-musllinux_1_2_aarch64.whl", hash = "sha256:01e1471a5ee161a969c7a96991d8e5d20b97a0b7fe075df9c7a01f52a49c5ac2", size = 51484129, upload-time = "2026-07-21T04:29:22.639Z" },
    { url = "https://files.pythonhosted.org/packages/db/e2/047c7695f08a9b18614c0e1ec5e70a754455542a21a6d52955f7f05c6268/polars_runtime_32-1.43.0-cp310-abi3-musllinux_1_2_x86_64.whl", hash = "sha256:9cd8b813afe67d59e87027dedcaf5c6a06fe602472fd74e1a49f4bafea47259c", size = 55169401, upload-time = "2026-07-21T04:29:25.902Z" },
    { url = "https://files.pythonhosted.org/packages/92/dc/bfd2533c487563c7a21ab7d7af3d78f820b0236e14dc5ee63d46188cd275/polars_runtime_32-1.43.0-cp310-abi3-win_amd64.whl", hash = "sha256:41a75fb3cb4cc574eb21801383578f75cfc374597c22322ef457ab7bac8a3301", size = 52541527, upload-time = "2026-07-21T04:29:29.162Z" },
    { url = "https://files.pythonhosted.org/packages/46/d7/5c47f1bf57479d1671669af9c421f9abf4986b2ddaa64c177244ff811de0/polars_runtime_32-1.43.0-cp310-abi3-win_arm64.whl", hash = "sha256:c285e598dd91e08560e519275b8b8108adbafb438d218a175ebe073dbc2027fb", size = 46552281, upload-time = "2026-07-21T04:29:32.224Z" },
]

[[package]]
name = "pygments"
version = "2.20.0"
source = { registry = "https://pypi.org/simple" }
sdist = { url = "https://files.pythonhosted.org/packages/c3/b2/bc9c9196916376152d655522fdcebac55e66de6603a76a02bca1b6414f6c/pygments-2.20.0.tar.gz", hash = "sha256:6757cd03768053ff99f3039c1a36d6c0aa0b263438fcab17520b30a303a82b5f", size = 4955991, upload-time = "2026-03-29T13:29:33.898Z" }
wheels = [
    { url = "https://files.pythonhosted.org/packages/f4/7e/a72dd26f3b0f4f2bf1dd8923c85f7ceb43172af56d63c7383eb62b332364/pygments-2.20.0-py3-none-any.whl", hash = "sha256:81a9e26dd42fd28a23a2d169d86d7ac03b46e2f8b59ed4698fb4785f946d0176", size = 1231151, upload-time = "2026-03-29T13:29:30.038Z" },
]

[[package]]
name = "pytest"
version = "9.1.1"
source = { registry = "https://pypi.org/simple" }
dependencies = [
    { name = "colorama", marker = "sys_platform == 'win32'" },
    { name = "iniconfig" },
    { name = "packaging" },
    { name = "pluggy" },
    { name = "pygments" },
]
sdist = { url = "https://files.pythonhosted.org/packages/e4/47/b9efed96c114afcfa3c9d3fe98a76a1d14c74a9e266d397cf6eb64be5e01/pytest-9.1.1.tar.gz", hash = "sha256:1088fbde8f2b49d95a549a195707afa7a76a3ce9bcadc26b6d71f0ffda5fe313", size = 1636369, upload-time = "2026-06-19T10:58:32.857Z" }
wheels = [
    { url = "https://files.pythonhosted.org/packages/24/25/1de2678b631f5a49215c6c96fff41ba892b0a34df68d6d80292b1b48aa7f/pytest-9.1.1-py3-none-any.whl", hash = "sha256:37a86b45efb9a47a61a36449063e8e18d0cab3161329fc099eb21783169c4f0c", size = 386536, upload-time = "2026-06-19T10:58:31.347Z" },
]

[[package]]
name = "python-base"
version = "0.1.0"
source = { editable = "." }
dependencies = [
    { name = "polars" },
    { name = "simlab-tools", extra = ["storage"] },
]

[package.dev-dependencies]
dev = [
    { name = "pytest" },
]

[package.metadata]
requires-dist = [
    { name = "polars", specifier = ">=1.43.0" },
    { name = "simlab-tools", extras = ["storage"], git = "https://github.com/simlab-vs/simlab-tools.git" },
]

[package.metadata.requires-dev]
dev = [{ name = "pytest", specifier = ">=8" }]

[[package]]
name = "python-dateutil"
version = "2.9.0.post0"
source = { registry = "https://pypi.org/simple" }
dependencies = [
    { name = "six" },
]
sdist = { url = "https://files.pythonhosted.org/packages/66/c0/0c8b6ad9f17a802ee498c46e004a0eb49bc148f2fd230864601a86dcf6db/python-dateutil-2.9.0.post0.tar.gz", hash = "sha256:37dd54208da7e1cd875388217d5e00ebd4179249f90fb72437e91a35459a0ad3", size = 342432, upload-time = "2024-03-01T18:36:20.211Z" }
wheels = [
    { url = "https://files.pythonhosted.org/packages/ec/57/56b9bcc3c9c6a792fcbaf139543cee77261f3651ca9da0c93f5c1221264b/python_dateutil-2.9.0.post0-py2.py3-none-any.whl", hash = "sha256:a8b2bc7bffae282281c8140a97d3aa9c14da0b136dfe83f850eea9a5f7470427", size = 229892, upload-time = "2024-03-01T18:36:18.57Z" },
]

[[package]]
name = "s3transfer"
version = "0.19.1"
source = { registry = "https://pypi.org/simple" }
dependencies = [
    { name = "botocore" },
]
sdist = { url = "https://files.pythonhosted.org/packages/65/da/4bef7ce7bb989b222aa4785a413896dbec53306dfc59c6ce7d16a7ffbd6a/s3transfer-0.19.1.tar.gz", hash = "sha256:d3d6371dc3f1e5c5427b2b457bcf13bcf87bec334c95aed18642eae61f6926f3", size = 165354, upload-time = "2026-07-10T19:32:04.849Z" }
wheels = [
    { url = "https://files.pythonhosted.org/packages/24/23/e84c64ad0e8bc59cd1b2ef98def848deff0ef3456c542afe74d51e9e8c85/s3transfer-0.19.1-py3-none-any.whl", hash = "sha256:d5fd7005ee39307455ad5f310b5ea67f4b1960d7fed5b3671ee50c249de675de", size = 90072, upload-time = "2026-07-10T19:32:03.673Z" },
]

[[package]]
name = "simlab-tools"
version = "0.1.0"
source = { git = "https://github.com/simlab-vs/simlab-tools.git#fd8d72e13c4c127a8fb0596393f2dde65990eed8" }

[package.optional-dependencies]
storage = [
    { name = "boto3" },
    { name = "mypy-boto3-s3" },
    { name = "tqdm" },
]

[[package]]
name = "six"
version = "1.17.0"
source = { registry = "https://pypi.org/simple" }
sdist = { url = "https://files.pythonhosted.org/packages/94/e7/b2c673351809dca68a0e064b6af791aa332cf192da575fd474ed7d6f16a2/six-1.17.0.tar.gz", hash = "sha256:ff70335d468e7eb6ec65b95b99d3a2836546063f63acc5171de367e834932a81", size = 34031, upload-time = "2024-12-04T17:35:28.174Z" }
wheels = [
    { url = "https://files.pythonhosted.org/packages/b7/ce/149a00dd41f10bc29e5921b496af8b574d8413afcd5e30dfa0ed46c2cc5e/six-1.17.0-py2.py3-none-any.whl", hash = "sha256:4721f391ed90541fddacab5acf947aa0d3dc7d27b2e1e8eda2be8970586c3274", size = 11050, upload-time = "2024-12-04T17:35:26.475Z" },
]

[[package]]
name = "tqdm"
version = "4.69.0"
source = { registry = "https://pypi.org/simple" }
dependencies = [
    { name = "colorama", marker = "sys_platform == 'win32'" },
]
sdist = { url = "https://files.pythonhosted.org/packages/8c/69/40407dfc835517f058b603dbf37a6df094d8582b015a51eddc988febbcb7/tqdm-4.69.0.tar.gz", hash = "sha256:700c5e85dcd5f009dd6222588a29180a193a748247a5d855b4d67db93d79a53b", size = 792569, upload-time = "2026-07-17T18:09:06.2Z" }
wheels = [
    { url = "https://files.pythonhosted.org/packages/fe/21/99a0cdaf54eb35e77623c41b5a2c9472ee4404bba687052791fe2aba6773/tqdm-4.69.0-py3-none-any.whl", hash = "sha256:9979978912be667a6ef21fd5d8abf54e324e63d82f7f43c360792ebc2bc4e622", size = 676680, upload-time = "2026-07-17T18:09:04.172Z" },
]

[[package]]
name = "urllib3"
version = "2.7.0"
source = { registry = "https://pypi.org/simple" }
sdist = { url = "https://files.pythonhosted.org/packages/53/0c/06f8b233b8fd13b9e5ee11424ef85419ba0d8ba0b3138bf360be2ff56953/urllib3-2.7.0.tar.gz", hash = "sha256:231e0ec3b63ceb14667c67be60f2f2c40a518cb38b03af60abc813da26505f4c", size = 433602, upload-time = "2026-05-07T16:13:18.596Z" }
wheels = [
    { url = "https://files.pythonhosted.org/packages/7f/3e/5db95bcf282c52709639744ca2a8b149baccf648e39c8cc87553df9eae0c/urllib3-2.7.0-py3-none-any.whl", hash = "sha256:9fb4c81ebbb1ce9531cce37674bbc6f1360472bc18ca9a553ede278ef7276897", size = 131087, upload-time = "2026-05-07T16:13:17.151Z" },
]
